
Microsoft Visual Studio Solution File, Format Version 12.00
# Visual Studio Version 17
VisualStudioVersion = 17.0.32112.339
MinimumVisualStudioVersion = 10.0.40219.1
Project("{FAE04EC0-301F-11D3-BF4B-00C04F79EFBC}") = "Leetcode", "Leetcode\Leetcode.csproj", "{8965738D-F26C-4A0E-99C6-CD63A8DB1F94}"
EndProject
Global
	GlobalSection(SolutionConfigurationPlatforms) = preSolution
		Debug|Any CPU = Debug|Any CPU
		Release|Any CPU = Release|Any CPU
	EndGlobalSection
	GlobalSection(ProjectConfigurationPlatforms) = postSolution
		{8965738D-F26C-4A0E-99C6-CD63A8DB1F94}.Debug|Any CPU.ActiveCfg = Debug|Any CPU
		{8965738D-F26C-4A0E-99C6-CD63A8DB1F94}.Debug|Any CPU.Build.0 = Debug|Any CPU
		{8965738D-F26C-4A0E-99C6-CD63A8DB1F94}.Release|Any CPU.ActiveCfg = Release|Any CPU
		{8965738D-F26C-4A0E-99C6-CD63A8DB1F94}.Release|Any CPU.Build.0 = Release|Any CPU
	EndGlobalSection
	GlobalSection(SolutionProperties) = preSolution
		HideSolutionNode = FALSE
	EndGlobalSection
	GlobalSection(ExtensibilityGlobals) = postSolution
		SolutionGuid = {2C616E3D-F540-491D-B26E-0A8868588D55}
	EndGlobalSection
EndGlobal
